// !$*UTF8*$!
{
	archiveVersion = 1;
	classes = {
	};
	objectVersion = 50;
	objects = {

/* Begin PBXBuildFile section */
		995FB979244642A6003AEDA2 /* AppDelegate.swift in Sources */ = {isa = PBXBuildFile; fileRef = 995FB978244642A6003AEDA2 /* AppDelegate.swift */; };
		995FB97B244642A6003AEDA2 /* SceneDelegate.swift in Sources */ = {isa = PBXBuildFile; fileRef = 995FB97A244642A6003AEDA2 /* SceneDelegate.swift */; };
		995FB980244642A6003AEDA2 /* Main.storyboard in Resources */ = {isa = PBXBuildFile; fileRef = 995FB97E244642A6003AEDA2 /* Main.storyboard */; };
		995FB982244642A8003AEDA2 /* Assets.xcassets in Resources */ = {isa = PBXBuildFile; fileRef = 995FB981244642A8003AEDA2 /* Assets.xcassets */; };
		995FB985244642A8003AEDA2 /* LaunchScreen.storyboard in Resources */ = {isa = PBXBuildFile; fileRef = 995FB983244642A8003AEDA2 /* LaunchScreen.storyboard */; };
		995FB98D24464781003AEDA2 /* AnimationViewController.swift in Sources */ = {isa = PBXBuildFile; fileRef = 995FB98C24464781003AEDA2 /* AnimationViewController.swift */; };
/* End PBXBuildFile section */

/* Begin PBXFileReference section */
		995FB975244642A6003AEDA2 /* ScatterAndGather.app */ = {isa = PBXFileReference; explicitFileType = wrapper.application; includeInIndex = 0; path = ScatterAndGather.app; sourceTree = BUILT_PRODUCTS_DIR; };
		995FB978244642A6003AEDA2 /* AppDelegate.swift */ = {isa = PBXFileReference; lastKnownFileType = sourcecode.swift; path = AppDelegate.swift; sourceTree = "<group>"; };
		995FB97A244642A6003AEDA2 /* SceneDelegate.swift */ = {isa = PBXFileReference; lastKnownFileType = sourcecode.swift; path = SceneDelegate.swift; sourceTree = "<group>"; };
		995FB97F244642A6003AEDA2 /* Base */ = {isa = PBXFileReference; lastKnownFileType = file.storyboard; name = Base; path = Base.lproj/Main.storyboard; sourceTree = "<group>"; };
		995FB981244642A8003AEDA2 /* Assets.xcassets */ = {isa = PBXFileReference; lastKnownFileType = folder.assetcatalog; path = Assets.xcassets; sourceTree = "<group>"; };
		995FB984244642A8003AEDA2 /* Base */ = {isa = PBXFileReference; lastKnownFileType = file.storyboard; name = Base; path = Base.lproj/LaunchScreen.storyboard; sourceTree = "<group>"; };
		995FB986244642A8003AEDA2 /* Info.plist */ = {isa = PBXFileReference; lastKnownFileType = text.plist.xml; path = Info.plist; sourceTree = "<group>"; };
		995FB98C24464781003AEDA2 /* AnimationViewController.swift */ = {isa = PBXFileReference; lastKnownFileType = sourcecode.swift; path = AnimationViewController.swift; sourceTree = "<group>"; };
/* End PBXFileReference section */

/* Begin PBXFrameworksBuildPhase section */
		995FB972244642A6003AEDA2 /* Frameworks */ = {
			isa = PBXFrameworksBuildPhase;
			buildActionMask = 2147483647;
			files = (
			);
			runOnlyForDeploymentPostprocessing = 0;
		};
/* End PBXFrameworksBuildPhase section */

/* Begin PBXGroup section */
		995FB96C244642A6003AEDA2 = {
			isa = PBXGroup;
			children = (
				995FB977244642A6003AEDA2 /* ScatterAndGather */,
				995FB976244642A6003AEDA2 /* Products */,
			);
			sourceTree = "<group>";
		};
		995FB976244642A6003AEDA2 /* Products */ = {
			isa = PBXGroup;
			children = (
				995FB975244642A6003AEDA2 /* ScatterAndGather.app */,
			);
			name = Products;
			sourceTree = "<group>";
		};
		995FB977244642A6003AEDA2 /* ScatterAndGather */ = {
			isa = PBXGroup;
			children = (
				995FB978244642A6003AEDA2 /* AppDelegate.swift */,
				995FB97A244642A6003AEDA2 /* SceneDelegate.swift */,
				995FB97E244642A6003AEDA2 /* Main.storyboard */,
				995FB98C24464781003AEDA2 /* AnimationViewController.swift */,
				995FB981244642A8003AEDA2 /* Assets.xcassets */,
				995FB983244642A8003AEDA2 /* LaunchScreen.storyboard */,
				995FB986244642A8003AEDA2 /* Info.plist */,
			);
			path = ScatterAndGather;
			sourceTree = "<group>";
		};
/* End PBXGroup section */

/* Begin PBXNativeTarget section */
		995FB974244642A6003AEDA2 /* ScatterAndGather */ = {
			isa = PBXNativeTarget;
			buildConfigurationList = 995FB989244642A8003AEDA2 /* Build configuration list for PBXNativeTarget "ScatterAndGather" */;
			buildPhases = (
				995FB971244642A6003AEDA2 /* Sources */,
				995FB972244642A6003AEDA2 /* Frameworks */,
				995FB973244642A6003AEDA2 /* Resources */,
			);
			buildRules = (
			);
			dependencies = (
			);
			name = ScatterAndGather;
			productName = ScatterAndGather;
			productReference = 995FB975244642A6003AEDA2 /* ScatterAndGather.app */;
			productType = "com.apple.product-type.application";
		};
/* End PBXNativeTarget section */

/* Begin PBXProject section */
		995FB96D244642A6003AEDA2 /* Project object */ = {
			isa = PBXProject;
			attributes = {
				LastSwiftUpdateCheck = 1140;
				LastUpgradeCheck = 1140;
				ORGANIZATIONNAME = "Dahna Buenrostro";
				TargetAttributes = {
					995FB974244642A6003AEDA2 = {
						CreatedOnToolsVersion = 11.4;
					};
				};
			};
			buildConfigurationList = 995FB970244642A6003AEDA2 /* Build configuration list for PBXProject "ScatterAndGather" */;
			compatibilityVersion = "Xcode 9.3";
			developmentRegion = en;
			hasScannedForEncodings = 0;
			knownRegions = (
				en,
				Base,
			);
			mainGroup = 995FB96C244642A6003AEDA2;
			productRefGroup = 995FB976244642A6003AEDA2 /* Products */;
			projectDirPath = "";
			projectRoot = "";
			targets = (
				995FB974244642A6003AEDA2 /* ScatterAndGather */,
			);
		};
/* End PBXProject section */

/* Begin PBXResourcesBuildPhase section */
		995FB973244642A6003AEDA2 /* Resources */ = {
			isa = PBXResourcesBuildPhase;
			buildActionMask = 2147483647;
			files = (
				995FB985244642A8003AEDA2 /* LaunchScreen.storyboard in Resources */,
				995FB982244642A8003AEDA2 /* Assets.xcassets in Resources */,
				995FB980244642A6003AEDA2 /* Main.storyboard in Resources */,
			);
			runOnlyForDeploymentPostprocessing = 0;
		};
/* End PBXResourcesBuildPhase section */

/* Begin PBXSourcesBuildPhase section */
		995FB971244642A6003AEDA2 /* Sources */ = {
			isa = PBXSourcesBuildPhase;
			buildActionMask = 2147483647;
			files = (
				995FB98D24464781003AEDA2 /* AnimationViewController.swift in Sources */,
				995FB979244642A6003AEDA2 /* AppDelegate.swift in Sources */,
				995FB97B244642A6003AEDA2 /* SceneDelegate.swift in Sources */,
			);
			runOnlyForDeploymentPostprocessing = 0;
		};
/* End PBXSourcesBuildPhase section */

/* Begin PBXVariantGroup section */
		995FB97E244642A6003AEDA2 /* Main.storyboard */ = {
			isa = PBXVariantGroup;
			children = (
				995FB97F244642A6003AEDA2 /* Base */,
			);
			name = Main.storyboard;
			sourceTree = "<group>";
		};
		995FB983244642A8003AEDA2 /* LaunchScreen.storyboard */ = {
			isa = PBXVariantGroup;
			children = (
				995FB984244642A8003AEDA2 /* Base */,
			);
			name = LaunchScreen.storyboard;
			sourceTree = "<group>";
		};
/* End PBXVariantGroup section */

/* Begin XCBuildConfiguration section */
		995FB987244642A8003AEDA2 /* Debug */ = {
			isa = XCBuildConfiguration;
			buildSettings = {
				ALWAYS_SEARCH_USER_PATHS = NO;
				CLANG_ANALYZER_NONNULL = YES;
				CLANG_ANALYZER_NUMBER_OBJECT_CONVERSION = YES_AGGRESSIVE;
				CLANG_CXX_LANGUAGE_STANDARD = "gnu++14";
				CLANG_CXX_LIBRARY = "libc++";
				CLANG_ENABLE_MODULES = YES;
				CLANG_ENABLE_OBJC_ARC = YES;
				CLANG_ENABLE_OBJC_WEAK = YES;
				CLANG_WARN_BLOCK_CAPTURE_AUTORELEASING = YES;
				CLANG_WARN_BOOL_CONVERSION = YES;
				CLANG_WARN_COMMA = YES;
				CLANG_WARN_CONSTANT_CONVERSION = YES;
				CLANG_WARN_DEPRECATED_OBJC_IMPLEMENTATIONS = YES;
				CLANG_WARN_DIRECT_OBJC_ISA_USAGE = YES_ERROR;
				CLANG_WARN_DOCUMENTATION_COMMENTS = YES;
				CLANG_WARN_EMPTY_BODY = YES;
				CLANG_WARN_ENUM_CONVERSION = YES;
				CLANG_WARN_INFINITE_RECURSION = YES;
				CLANG_WARN_INT_CONVERSION = YES;
				CLANG_WARN_NON_LITERAL_NULL_CONVERSION = YES;
				CLANG_WARN_OBJC_IMPLICIT_RETAIN_SELF = YES;
				CLANG_WARN_OBJC_LITERAL_CONVERSION = YES;
				CLANG_WARN_OBJC_ROOT_CLASS = YES_ERROR;
				CLANG_WARN_RANGE_LOOP_ANALYSIS = YES;
				CLANG_WARN_STRICT_PROTOTYPES = YES;
				CLANG_WARN_SUSPICIOUS_MOVE = YES;
				CLANG_WARN_UNGUARDED_AVAILABILITY = YES_AGGRESSIVE;
				CLANG_WARN_UNREACHABLE_CODE = YES;
				CLANG_WARN__DUPLICATE_METHOD_MATCH = YES;
				COPY_PHASE_STRIP = NO;
				DEBUG_INFORMATION_FORMAT = dwarf;
				ENABLE_STRICT_OBJC_MSGSEND = YES;
				ENABLE_TESTABILITY = YES;
				GCC_C_LANGUAGE_STANDARD = gnu11;
				GCC_DYNAMIC_NO_PIC = NO;
				GCC_NO_COMMON_BLOCKS = YES;
				GCC_OPTIMIZATION_LEVEL = 0;
				GCC_PREPROCESSOR_DEFINITIONS = (
					"DEBUG=1",
					"$(inherited)",
				);
				GCC_WARN_64_TO_32_BIT_CONVERSION = YES;
				GCC_WARN_ABOUT_RETURN_TYPE = YES_ERROR;
				GCC_WARN_UNDECLARED_SELECTOR = YES;
				GCC_WARN_UNINITIALIZED_AUTOS = YES_AGGRESSIVE;
				GCC_WARN_UNUSED_FUNCTION = YES;
				GCC_WARN_UNUSED_VARIABLE = YES;
				IPHONEOS_DEPLOYMENT_TARGET = 13.4;
				MTL_ENABLE_DEBUG_INFO = INCLUDE_SOURCE;
				MTL_FAST_MATH = YES;
				ONLY_ACTIVE_ARCH = YES;
				SDKROOT = iphoneos;
				SWIFT_ACTIVE_COMPILATION_CONDITIONS = DEBUG;
				SWIFT_OPTIMIZATION_LEVEL = "-Onone";
			};
			name = Debug;
		};
		995FB988244642A8003AEDA2 /* Release */ = {
			isa = XCBuildConfiguration;
			buildSettings = {
				ALWAYS_SEARCH_USER_PATHS = NO;
				CLANG_ANALYZER_NONNULL = YES;
				CLANG_ANALYZER_NUMBER_OBJECT_CONVERSION = YES_AGGRESSIVE;
				CLANG_CXX_LANGUAGE_STANDARD = "gnu++14";
				CLANG_CXX_LIBRARY = "libc++";
				CLANG_ENABLE_MODULES = YES;
				CLANG_ENABLE_OBJC_ARC = YES;
				CLANG_ENABLE_OBJC_WEAK = YES;
				CLANG_WARN_BLOCK_CAPTURE_AUTORELEASING = YES;
				CLANG_WARN_BOOL_CONVERSION = YES;
				CLANG_WARN_COMMA = YES;
				CLANG_WARN_CONSTANT_CONVERSION = YES;
				CLANG_WARN_DEPRECATED_OBJC_IMPLEMENTATIONS = YES;
				CLANG_WARN_DIRECT_OBJC_ISA_USAGE = YES_ERROR;
				CLANG_WARN_DOCUMENTATION_COMMENTS = YES;
				CLANG_WARN_EMPTY_BODY = YES;
				CLANG_WARN_ENUM_CONVERSION = YES;
				CLANG_WARN_INFINITE_RECURSION = YES;
				CLANG_WARN_INT_CONVERSION = YES;
				CLANG_WARN_NON_LITERAL_NULL_CONVERSION = YES;
				CLANG_WARN_OBJC_IMPLICIT_RETAIN_SELF = YES;
				CLANG_WARN_OBJC_LITERAL_CONVERSION = YES;
				CLANG_WARN_OBJC_ROOT_CLASS = YES_ERROR;
				CLANG_WARN_RANGE_LOOP_ANALYSIS = YES;
				CLANG_WARN_STRICT_PROTOTYPES = YES;
				CLANG_WARN_SUSPICIOUS_MOVE = YES;
				CLANG_WARN_UNGUARDED_AVAILABILITY = YES_AGGRESSIVE;
				CLANG_WARN_UNREACHABLE_CODE = YES;
				CLANG_WARN__DUPLICATE_METHOD_MATCH = YES;
				COPY_PHASE_STRIP = NO;
				DEBUG_INFORMATION_FORMAT = "dwarf-with-dsym";
				ENABLE_NS_ASSERTIONS = NO;
				ENABLE_STRICT_OBJC_MSGSEND = YES;
				GCC_C_LANGUAGE_STANDARD = gnu11;
				GCC_NO_COMMON_BLOCKS = YES;
				GCC_WARN_64_TO_32_BIT_CONVERSION = YES;
				GCC_WARN_ABOUT_RETURN_TYPE = YES_ERROR;
				GCC_WARN_UNDECLARED_SELECTOR = YES;
				GCC_WARN_UNINITIALIZED_AUTOS = YES_AGGRESSIVE;
				GCC_WARN_UNUSED_FUNCTION = YES;
				GCC_WARN_UNUSED_VARIABLE = YES;
				IPHONEOS_DEPLOYMENT_TARGET = 13.4;
				MTL_ENABLE_DEBUG_INFO = NO;
				MTL_FAST_MATH = YES;
				SDKROOT = iphoneos;
				SWIFT_COMPILATION_MODE = wholemodule;
				SWIFT_OPTIMIZATION_LEVEL = "-O";
				VALIDATE_PRODUCT = YES;
			};
			name = Release;
		};
		995FB98A244642A8003AEDA2 /* Debug */ = {
			isa = XCBuildConfiguration;
			buildSettings = {
				ASSETCATALOG_COMPILER_APPICON_NAME = AppIcon;
				CODE_SIGN_STYLE = Automatic;
				INFOPLIST_FILE = ScatterAndGather/Info.plist;
				LD_RUNPATH_SEARCH_PATHS = (
					"$(inherited)",
					"@executable_path/Frameworks",
				);
				PRODUCT_BUNDLE_IDENTIFIER = com.DahnaBuenrostro.ScatterAndGather;
				PRODUCT_NAME = "$(TARGET_NAME)";
				SWIFT_VERSION = 5.0;
				TARGETED_DEVICE_FAMILY = "1,2";
			};
			name = Debug;
		};
		995FB98B244642A8003AEDA2 /* Release */ = {
			isa = XCBuildConfiguration;
			buildSettings = {
				ASSETCATALOG_COMPILER_APPICON_NAME = AppIcon;
				CODE_SIGN_STYLE = Automatic;
				INFOPLIST_FILE = ScatterAndGather/Info.plist;
				LD_RUNPATH_SEARCH_PATHS = (
					"$(inherited)",
					"@executable_path/Frameworks",
				);
				PRODUCT_BUNDLE_IDENTIFIER = com.DahnaBuenrostro.ScatterAndGather;
				PRODUCT_NAME = "$(TARGET_NAME)";
				SWIFT_VERSION = 5.0;
				TARGETED_DEVICE_FAMILY = "1,2";
			};
			name = Release;
		};
/* End XCBuildConfiguration section */

/* Begin XCConfigurationList section */
		995FB970244642A6003AEDA2 /* Build configuration list for PBXProject "ScatterAndGather" */ = {
			isa = XCConfigurationList;
			buildConfigurations = (
				995FB987244642A8003AEDA2 /* Debug */,
				995FB988244642A8003AEDA2 /* Release */,
			);
			defaultConfigurationIsVisible = 0;
			defaultConfigurationName = Release;
		};
		995FB989244642A8003AEDA2 /* Build configuration list for PBXNativeTarget "ScatterAndGather" */ = {
			isa = XCConfigurationList;
			buildConfigurations = (
				995FB98A244642A8003AEDA2 /* Debug */,
				995FB98B244642A8003AEDA2 /* Release */,
			);
			defaultConfigurationIsVisible = 0;
			defaultConfigurationName = Release;
		};
/* End XCConfigurationList section */
	};
	rootObject = 995FB96D244642A6003AEDA2 /* Project object */;
}
